
Microsoft Visual Studio Solution File, Format Version 12.00
# Visual Studio Version 16
VisualStudioVersion = 16.0.31729.503
MinimumVisualStudioVersion = 10.0.40219.1
Project("{FAE04EC0-301F-11D3-BF4B-00C04F79EFBC}") = "PdfResumeCreator", "PdfResumeCreator\PdfResumeCreator.csproj", "{A6A4BFF2-CCBE-43A7-A2A3-1413893992B7}"
EndProject
Global
	GlobalSection(SolutionConfigurationPlatforms) = preSolution
		Debug|Any CPU = Debug|Any CPU
		Release|Any CPU = Release|Any CPU
	EndGlobalSection
	GlobalSection(ProjectConfigurationPlatforms) = postSolution
		{A6A4BFF2-CCBE-43A7-A2A3-1413893992B7}.Debug|Any CPU.ActiveCfg = Debug|Any CPU
		{A6A4BFF2-CCBE-43A7-A2A3-1413893992B7}.Debug|Any CPU.Build.0 = Debug|Any CPU
		{A6A4BFF2-CCBE-43A7-A2A3-1413893992B7}.Release|Any CPU.ActiveCfg = Release|Any CPU
		{A6A4BFF2-CCBE-43A7-A2A3-1413893992B7}.Release|Any CPU.Build.0 = Release|Any CPU
	EndGlobalSection
	GlobalSection(SolutionProperties) = preSolution
		HideSolutionNode = FALSE
	EndGlobalSection
	GlobalSection(ExtensibilityGlobals) = postSolution
		SolutionGuid = {F7A9E2C8-56A7-4A32-8347-4B0D2725566C}
	EndGlobalSection
EndGlobal
